
Microsoft Visual Studio Solution File, Format Version 12.00
# Visual Studio Version 17
VisualStudioVersion = 17.8.34330.188
MinimumVisualStudioVersion = 10.0.40219.1
Project("{9A19103F-16F7-4668-BE54-9A1E7A4F7556}") = "SignalR-Api", "SignalR-Api\SignalR-Api.csproj", "{DF8D49EF-83AF-4D00-AE3C-5BDCD4054CD8}"
EndProject
Project("{9A19103F-16F7-4668-BE54-9A1E7A4F7556}") = "NotificationClient", "NotificationClient\NotificationClient.csproj", "{33C16466-6749-43B3-9268-B4D2DDA34B42}"
EndProject
Global
	GlobalSection(SolutionConfigurationPlatforms) = preSolution
		Debug|Any CPU = Debug|Any CPU
		Release|Any CPU = Release|Any CPU
	EndGlobalSection
	GlobalSection(ProjectConfigurationPlatforms) = postSolution
		{DF8D49EF-83AF-4D00-AE3C-5BDCD4054CD8}.Debug|Any CPU.ActiveCfg = Debug|Any CPU
		{DF8D49EF-83AF-4D00-AE3C-5BDCD4054CD8}.Debug|Any CPU.Build.0 = Debug|Any CPU
		{DF8D49EF-83AF-4D00-AE3C-5BDCD4054CD8}.Release|Any CPU.ActiveCfg = Release|Any CPU
		{DF8D49EF-83AF-4D00-AE3C-5BDCD4054CD8}.Release|Any CPU.Build.0 = Release|Any CPU
		{33C16466-6749-43B3-9268-B4D2DDA34B42}.Debug|Any CPU.ActiveCfg = Debug|Any CPU
		{33C16466-6749-43B3-9268-B4D2DDA34B42}.Debug|Any CPU.Build.0 = Debug|Any CPU
		{33C16466-6749-43B3-9268-B4D2DDA34B42}.Release|Any CPU.ActiveCfg = Release|Any CPU
		{33C16466-6749-43B3-9268-B4D2DDA34B42}.Release|Any CPU.Build.0 = Release|Any CPU
	EndGlobalSection
	GlobalSection(SolutionProperties) = preSolution
		HideSolutionNode = FALSE
	EndGlobalSection
	GlobalSection(ExtensibilityGlobals) = postSolution
		SolutionGuid = {1CBA2EEE-9EA0-43F1-90B1-E9F9CB2EBE18}
	EndGlobalSection
EndGlobal
